
Microsoft Visual Studio Solution File, Format Version 12.00
# Visual Studio Version 17
VisualStudioVersion = 17.4.33403.182
MinimumVisualStudioVersion = 10.0.40219.1
Project("{9A19103F-16F7-4668-BE54-9A1E7A4F7556}") = "GBM_Stocks", "GBM_Stocks\GBM_Stocks.csproj", "{AD10FA88-EC5D-4932-8D53-96DEC6A67146}"
EndProject
Project("{2150E333-8FDC-42A3-9474-1A3956D46DE8}") = "Schemas", "Schemas", "{19859757-E0EE-494F-9070-B3FA1A262AED}"
EndProject
Project("{2150E333-8FDC-42A3-9474-1A3956D46DE8}") = "Orders", "Orders", "{745C9331-173C-497F-9387-7339C0F0F66D}"
EndProject
Project("{2150E333-8FDC-42A3-9474-1A3956D46DE8}") = "Accounts", "Accounts", "{3E5D3368-7FEB-4E9D-BCBA-47C7F3489E81}"
EndProject
Project("{2150E333-8FDC-42A3-9474-1A3956D46DE8}") = "Database", "Database", "{527413BC-8D78-4D79-BF59-CF796B38B62B}"
EndProject
Project("{9A19103F-16F7-4668-BE54-9A1E7A4F7556}") = "GBM_Stocks_Database", "GBM_Stocks_Database\GBM_Stocks_Database.csproj", "{38D6666F-0388-42DB-8509-2AEF0760798D}"
EndProject
Project("{2150E333-8FDC-42A3-9474-1A3956D46DE8}") = "Base", "Base", "{4915CF47-D786-4A26-BFB3-83A6740312FE}"
EndProject
Project("{FAE04EC0-301F-11D3-BF4B-00C04F79EFBC}") = "GBM_Stocks_Infrastructure", "GBM_Stocks_Infrastructure\GBM_Stocks_Infrastructure.csproj", "{BD2AFC7C-B499-4781-9405-3812FB0669AB}"
EndProject
Project("{FAE04EC0-301F-11D3-BF4B-00C04F79EFBC}") = "GBM_Stocks_Accounts_Domain", "GBM_Stocks_Accounts_Domain\GBM_Stocks_Accounts_Domain.csproj", "{D1C0FC7C-5B53-4943-B1B8-2E0D58D47EE1}"
EndProject
Project("{FAE04EC0-301F-11D3-BF4B-00C04F79EFBC}") = "GBM_Stocks_Accounts_Infrastructure", "GBM_Stocks_Accounts_Infrastructure\GBM_Stocks_Accounts_Infrastructure.csproj", "{0961A020-DD15-48A4-82A9-F7CCDAF016AA}"
EndProject
Project("{FAE04EC0-301F-11D3-BF4B-00C04F79EFBC}") = "GBM_Stocks_Accounts_Core", "GBM_Stocks_Accounts_Services\GBM_Stocks_Accounts_Core.csproj", "{83EF5D40-43ED-4B08-80EA-B0D502EE9D5A}"
EndProject
Project("{FAE04EC0-301F-11D3-BF4B-00C04F79EFBC}") = "GBM_Stocks_Orders_Core", "GBM_Stocks_Orders_Core\GBM_Stocks_Orders_Core.csproj", "{EE531DB5-1B97-4176-A924-D46DA764828E}"
EndProject
Project("{FAE04EC0-301F-11D3-BF4B-00C04F79EFBC}") = "GBM_Stocks_Orders_Domain", "GBM_Stocks_Orders_Domain\GBM_Stocks_Orders_Domain.csproj", "{B366C29A-0DCF-4CFE-BDA4-2440F808A7EC}"
EndProject
Project("{FAE04EC0-301F-11D3-BF4B-00C04F79EFBC}") = "GBM_Stocks_Orders_Infrastructure", "GBM_Stocks_Core_Infrastructure\GBM_Stocks_Orders_Infrastructure.csproj", "{BDCAE06E-7D9B-4321-8F56-67616F5F02D4}"
EndProject
Global
	GlobalSection(SolutionConfigurationPlatforms) = preSolution
		Debug|Any CPU = Debug|Any CPU
		Release|Any CPU = Release|Any CPU
	EndGlobalSection
	GlobalSection(ProjectConfigurationPlatforms) = postSolution
		{AD10FA88-EC5D-4932-8D53-96DEC6A67146}.Debug|Any CPU.ActiveCfg = Debug|Any CPU
		{AD10FA88-EC5D-4932-8D53-96DEC6A67146}.Debug|Any CPU.Build.0 = Debug|Any CPU
		{AD10FA88-EC5D-4932-8D53-96DEC6A67146}.Release|Any CPU.ActiveCfg = Release|Any CPU
		{AD10FA88-EC5D-4932-8D53-96DEC6A67146}.Release|Any CPU.Build.0 = Release|Any CPU
		{38D6666F-0388-42DB-8509-2AEF0760798D}.Debug|Any CPU.ActiveCfg = Debug|Any CPU
		{38D6666F-0388-42DB-8509-2AEF0760798D}.Debug|Any CPU.Build.0 = Debug|Any CPU
		{38D6666F-0388-42DB-8509-2AEF0760798D}.Release|Any CPU.ActiveCfg = Release|Any CPU
		{38D6666F-0388-42DB-8509-2AEF0760798D}.Release|Any CPU.Build.0 = Release|Any CPU
		{BD2AFC7C-B499-4781-9405-3812FB0669AB}.Debug|Any CPU.ActiveCfg = Debug|Any CPU
		{BD2AFC7C-B499-4781-9405-3812FB0669AB}.Debug|Any CPU.Build.0 = Debug|Any CPU
		{BD2AFC7C-B499-4781-9405-3812FB0669AB}.Release|Any CPU.ActiveCfg = Release|Any CPU
		{BD2AFC7C-B499-4781-9405-3812FB0669AB}.Release|Any CPU.Build.0 = Release|Any CPU
		{D1C0FC7C-5B53-4943-B1B8-2E0D58D47EE1}.Debug|Any CPU.ActiveCfg = Debug|Any CPU
		{D1C0FC7C-5B53-4943-B1B8-2E0D58D47EE1}.Debug|Any CPU.Build.0 = Debug|Any CPU
		{D1C0FC7C-5B53-4943-B1B8-2E0D58D47EE1}.Release|Any CPU.ActiveCfg = Release|Any CPU
		{D1C0FC7C-5B53-4943-B1B8-2E0D58D47EE1}.Release|Any CPU.Build.0 = Release|Any CPU
		{0961A020-DD15-48A4-82A9-F7CCDAF016AA}.Debug|Any CPU.ActiveCfg = Debug|Any CPU
		{0961A020-DD15-48A4-82A9-F7CCDAF016AA}.Debug|Any CPU.Build.0 = Debug|Any CPU
		{0961A020-DD15-48A4-82A9-F7CCDAF016AA}.Release|Any CPU.ActiveCfg = Release|Any CPU
		{0961A020-DD15-48A4-82A9-F7CCDAF016AA}.Release|Any CPU.Build.0 = Release|Any CPU
		{83EF5D40-43ED-4B08-80EA-B0D502EE9D5A}.Debug|Any CPU.ActiveCfg = Debug|Any CPU
		{83EF5D40-43ED-4B08-80EA-B0D502EE9D5A}.Debug|Any CPU.Build.0 = Debug|Any CPU
		{83EF5D40-43ED-4B08-80EA-B0D502EE9D5A}.Release|Any CPU.ActiveCfg = Release|Any CPU
		{83EF5D40-43ED-4B08-80EA-B0D502EE9D5A}.Release|Any CPU.Build.0 = Release|Any CPU
		{EE531DB5-1B97-4176-A924-D46DA764828E}.Debug|Any CPU.ActiveCfg = Debug|Any CPU
		{EE531DB5-1B97-4176-A924-D46DA764828E}.Debug|Any CPU.Build.0 = Debug|Any CPU
		{EE531DB5-1B97-4176-A924-D46DA764828E}.Release|Any CPU.ActiveCfg = Release|Any CPU
		{EE531DB5-1B97-4176-A924-D46DA764828E}.Release|Any CPU.Build.0 = Release|Any CPU
		{B366C29A-0DCF-4CFE-BDA4-2440F808A7EC}.Debug|Any CPU.ActiveCfg = Debug|Any CPU
		{B366C29A-0DCF-4CFE-BDA4-2440F808A7EC}.Debug|Any CPU.Build.0 = Debug|Any CPU
		{B366C29A-0DCF-4CFE-BDA4-2440F808A7EC}.Release|Any CPU.ActiveCfg = Release|Any CPU
		{B366C29A-0DCF-4CFE-BDA4-2440F808A7EC}.Release|Any CPU.Build.0 = Release|Any CPU
		{BDCAE06E-7D9B-4321-8F56-67616F5F02D4}.Debug|Any CPU.ActiveCfg = Debug|Any CPU
		{BDCAE06E-7D9B-4321-8F56-67616F5F02D4}.Debug|Any CPU.Build.0 = Debug|Any CPU
		{BDCAE06E-7D9B-4321-8F56-67616F5F02D4}.Release|Any CPU.ActiveCfg = Release|Any CPU
		{BDCAE06E-7D9B-4321-8F56-67616F5F02D4}.Release|Any CPU.Build.0 = Release|Any CPU
	EndGlobalSection
	GlobalSection(SolutionProperties) = preSolution
		HideSolutionNode = FALSE
	EndGlobalSection
	GlobalSection(NestedProjects) = preSolution
		{745C9331-173C-497F-9387-7339C0F0F66D} = {19859757-E0EE-494F-9070-B3FA1A262AED}
		{3E5D3368-7FEB-4E9D-BCBA-47C7F3489E81} = {19859757-E0EE-494F-9070-B3FA1A262AED}
		{38D6666F-0388-42DB-8509-2AEF0760798D} = {527413BC-8D78-4D79-BF59-CF796B38B62B}
		{BD2AFC7C-B499-4781-9405-3812FB0669AB} = {4915CF47-D786-4A26-BFB3-83A6740312FE}
		{D1C0FC7C-5B53-4943-B1B8-2E0D58D47EE1} = {3E5D3368-7FEB-4E9D-BCBA-47C7F3489E81}
		{0961A020-DD15-48A4-82A9-F7CCDAF016AA} = {3E5D3368-7FEB-4E9D-BCBA-47C7F3489E81}
		{83EF5D40-43ED-4B08-80EA-B0D502EE9D5A} = {3E5D3368-7FEB-4E9D-BCBA-47C7F3489E81}
		{EE531DB5-1B97-4176-A924-D46DA764828E} = {745C9331-173C-497F-9387-7339C0F0F66D}
		{B366C29A-0DCF-4CFE-BDA4-2440F808A7EC} = {745C9331-173C-497F-9387-7339C0F0F66D}
		{BDCAE06E-7D9B-4321-8F56-67616F5F02D4} = {745C9331-173C-497F-9387-7339C0F0F66D}
	EndGlobalSection
	GlobalSection(ExtensibilityGlobals) = postSolution
		SolutionGuid = {D1ED782C-FBBC-4B55-880D-EB4BA35B8361}
	EndGlobalSection
EndGlobal
